
Microsoft Visual Studio Solution File, Format Version 12.00
# Visual Studio Version 17
VisualStudioVersion = 17.14.36408.4 d17.14
MinimumVisualStudioVersion = 10.0.40219.1
Project("{2150E333-8FDC-42A3-9474-1A3956D46DE8}") = "Services", "Services", "{02EA681E-C7D8-13C7-8484-4AC65E1B71E8}"
EndProject
Project("{2150E333-8FDC-42A3-9474-1A3956D46DE8}") = "Catalog", "Catalog", "{5ADF3EC3-5280-4556-BA8C-5F85C3190F8A}"
EndProject
Project("{FAE04EC0-301F-11D3-BF4B-00C04F79EFBC}") = "ChelineShop.Catalog", "Services\Catalog\ChelineShop.Catalog\ChelineShop.Catalog.csproj", "{13175DAF-9753-4ACC-B6DC-BCCF3BE32E69}"
EndProject
Global
	GlobalSection(SolutionConfigurationPlatforms) = preSolution
		Debug|Any CPU = Debug|Any CPU
		Release|Any CPU = Release|Any CPU
	EndGlobalSection
	GlobalSection(ProjectConfigurationPlatforms) = postSolution
		{13175DAF-9753-4ACC-B6DC-BCCF3BE32E69}.Debug|Any CPU.ActiveCfg = Debug|Any CPU
		{13175DAF-9753-4ACC-B6DC-BCCF3BE32E69}.Debug|Any CPU.Build.0 = Debug|Any CPU
		{13175DAF-9753-4ACC-B6DC-BCCF3BE32E69}.Release|Any CPU.ActiveCfg = Release|Any CPU
		{13175DAF-9753-4ACC-B6DC-BCCF3BE32E69}.Release|Any CPU.Build.0 = Release|Any CPU
	EndGlobalSection
	GlobalSection(SolutionProperties) = preSolution
		HideSolutionNode = FALSE
	EndGlobalSection
	GlobalSection(NestedProjects) = preSolution
		{5ADF3EC3-5280-4556-BA8C-5F85C3190F8A} = {02EA681E-C7D8-13C7-8484-4AC65E1B71E8}
		{13175DAF-9753-4ACC-B6DC-BCCF3BE32E69} = {5ADF3EC3-5280-4556-BA8C-5F85C3190F8A}
	EndGlobalSection
	GlobalSection(ExtensibilityGlobals) = postSolution
		SolutionGuid = {61D8CE05-156B-494D-9D23-7B68FCBF5CB0}
	EndGlobalSection
EndGlobal
